
Microsoft Visual Studio Solution File, Format Version 12.00
# Visual Studio Version 16
VisualStudioVersion = 16.0.31313.79
MinimumVisualStudioVersion = 10.0.40219.1
Project("{2150E333-8FDC-42A3-9474-1A3956D46DE8}") = "src", "src", "{BB2FE3C6-E671-4330-A17C-023769751D7B}"
EndProject
Project("{2150E333-8FDC-42A3-9474-1A3956D46DE8}") = "1 - Application", "1 - Application", "{258D37EB-1E7C-4509-955A-34B17BC44557}"
EndProject
Project("{FAE04EC0-301F-11D3-BF4B-00C04F79EFBC}") = "Series.DIO.Application", "Series.DIO.Application\Series.DIO.Application.csproj", "{4DBFEE9D-E236-4D83-9548-ECC229B9D10A}"
EndProject
Project("{2150E333-8FDC-42A3-9474-1A3956D46DE8}") = "2 - Domain", "2 - Domain", "{C91A1310-FF7F-4ABD-9933-5728B79464E0}"
EndProject
Project("{2150E333-8FDC-42A3-9474-1A3956D46DE8}") = "3 - Service", "3 - Service", "{0AD6E9C7-6950-42CB-A8E9-F0E834701B8C}"
EndProject
Project("{2150E333-8FDC-42A3-9474-1A3956D46DE8}") = "4 - Infra", "4 - Infra", "{DFBC2DFE-5A4A-497B-8219-6A0FF61B31F0}"
EndProject
Project("{FAE04EC0-301F-11D3-BF4B-00C04F79EFBC}") = "Series.DIO.Domain", "Series.DIO.Domain\Series.DIO.Domain.csproj", "{509C8571-E09D-4F81-8D74-D44D434F4336}"
EndProject
Project("{FAE04EC0-301F-11D3-BF4B-00C04F79EFBC}") = "Series.DIO.Service", "Series.DIO.Service\Series.DIO.Service.csproj", "{4AA14BEC-734D-40BC-A269-22E9471C2C9F}"
EndProject
Project("{2150E333-8FDC-42A3-9474-1A3956D46DE8}") = "4.1 - Data", "4.1 - Data", "{9AB003E4-88D9-40EC-81A7-3803E303BC6F}"
EndProject
Project("{2150E333-8FDC-42A3-9474-1A3956D46DE8}") = "4.2 - CrossCutting", "4.2 - CrossCutting", "{BB8D471C-5A7A-4F4D-B94A-631B8BF11713}"
EndProject
Project("{2150E333-8FDC-42A3-9474-1A3956D46DE8}") = "4.3 - Shared", "4.3 - Shared", "{501C657C-00AB-45AD-BEBD-5EEE8335E246}"
EndProject
Project("{FAE04EC0-301F-11D3-BF4B-00C04F79EFBC}") = "Series.DIO.Infra.Data", "Series.DIO.Infra.Data\Series.DIO.Infra.Data.csproj", "{6744C2C8-E62B-4762-B5DA-87E597DFEEBB}"
EndProject
Project("{FAE04EC0-301F-11D3-BF4B-00C04F79EFBC}") = "Series.DIO.Infra.CrossCutting", "Series.DIO.Infra.CrossCutting\Series.DIO.Infra.CrossCutting.csproj", "{DAD91EFE-16B2-4E90-B634-5C33402342D8}"
EndProject
Project("{FAE04EC0-301F-11D3-BF4B-00C04F79EFBC}") = "Infra.Shared", "Infra.Shared\Infra.Shared.csproj", "{44D5D7BA-A4C2-4E1D-AC3B-8E81FA94344E}"
EndProject
Global
	GlobalSection(SolutionConfigurationPlatforms) = preSolution
		Debug|Any CPU = Debug|Any CPU
		Release|Any CPU = Release|Any CPU
	EndGlobalSection
	GlobalSection(ProjectConfigurationPlatforms) = postSolution
		{4DBFEE9D-E236-4D83-9548-ECC229B9D10A}.Debug|Any CPU.ActiveCfg = Debug|Any CPU
		{4DBFEE9D-E236-4D83-9548-ECC229B9D10A}.Debug|Any CPU.Build.0 = Debug|Any CPU
		{4DBFEE9D-E236-4D83-9548-ECC229B9D10A}.Release|Any CPU.ActiveCfg = Release|Any CPU
		{4DBFEE9D-E236-4D83-9548-ECC229B9D10A}.Release|Any CPU.Build.0 = Release|Any CPU
		{509C8571-E09D-4F81-8D74-D44D434F4336}.Debug|Any CPU.ActiveCfg = Debug|Any CPU
		{509C8571-E09D-4F81-8D74-D44D434F4336}.Debug|Any CPU.Build.0 = Debug|Any CPU
		{509C8571-E09D-4F81-8D74-D44D434F4336}.Release|Any CPU.ActiveCfg = Release|Any CPU
		{509C8571-E09D-4F81-8D74-D44D434F4336}.Release|Any CPU.Build.0 = Release|Any CPU
		{4AA14BEC-734D-40BC-A269-22E9471C2C9F}.Debug|Any CPU.ActiveCfg = Debug|Any CPU
		{4AA14BEC-734D-40BC-A269-22E9471C2C9F}.Debug|Any CPU.Build.0 = Debug|Any CPU
		{4AA14BEC-734D-40BC-A269-22E9471C2C9F}.Release|Any CPU.ActiveCfg = Release|Any CPU
		{4AA14BEC-734D-40BC-A269-22E9471C2C9F}.Release|Any CPU.Build.0 = Release|Any CPU
		{6744C2C8-E62B-4762-B5DA-87E597DFEEBB}.Debug|Any CPU.ActiveCfg = Debug|Any CPU
		{6744C2C8-E62B-4762-B5DA-87E597DFEEBB}.Debug|Any CPU.Build.0 = Debug|Any CPU
		{6744C2C8-E62B-4762-B5DA-87E597DFEEBB}.Release|Any CPU.ActiveCfg = Release|Any CPU
		{6744C2C8-E62B-4762-B5DA-87E597DFEEBB}.Release|Any CPU.Build.0 = Release|Any CPU
		{DAD91EFE-16B2-4E90-B634-5C33402342D8}.Debug|Any CPU.ActiveCfg = Debug|Any CPU
		{DAD91EFE-16B2-4E90-B634-5C33402342D8}.Debug|Any CPU.Build.0 = Debug|Any CPU
		{DAD91EFE-16B2-4E90-B634-5C33402342D8}.Release|Any CPU.ActiveCfg = Release|Any CPU
		{DAD91EFE-16B2-4E90-B634-5C33402342D8}.Release|Any CPU.Build.0 = Release|Any CPU
		{44D5D7BA-A4C2-4E1D-AC3B-8E81FA94344E}.Debug|Any CPU.ActiveCfg = Debug|Any CPU
		{44D5D7BA-A4C2-4E1D-AC3B-8E81FA94344E}.Debug|Any CPU.Build.0 = Debug|Any CPU
		{44D5D7BA-A4C2-4E1D-AC3B-8E81FA94344E}.Release|Any CPU.ActiveCfg = Release|Any CPU
		{44D5D7BA-A4C2-4E1D-AC3B-8E81FA94344E}.Release|Any CPU.Build.0 = Release|Any CPU
	EndGlobalSection
	GlobalSection(SolutionProperties) = preSolution
		HideSolutionNode = FALSE
	EndGlobalSection
	GlobalSection(NestedProjects) = preSolution
		{258D37EB-1E7C-4509-955A-34B17BC44557} = {BB2FE3C6-E671-4330-A17C-023769751D7B}
		{4DBFEE9D-E236-4D83-9548-ECC229B9D10A} = {258D37EB-1E7C-4509-955A-34B17BC44557}
		{C91A1310-FF7F-4ABD-9933-5728B79464E0} = {BB2FE3C6-E671-4330-A17C-023769751D7B}
		{0AD6E9C7-6950-42CB-A8E9-F0E834701B8C} = {BB2FE3C6-E671-4330-A17C-023769751D7B}
		{DFBC2DFE-5A4A-497B-8219-6A0FF61B31F0} = {BB2FE3C6-E671-4330-A17C-023769751D7B}
		{509C8571-E09D-4F81-8D74-D44D434F4336} = {C91A1310-FF7F-4ABD-9933-5728B79464E0}
		{4AA14BEC-734D-40BC-A269-22E9471C2C9F} = {0AD6E9C7-6950-42CB-A8E9-F0E834701B8C}
		{9AB003E4-88D9-40EC-81A7-3803E303BC6F} = {DFBC2DFE-5A4A-497B-8219-6A0FF61B31F0}
		{BB8D471C-5A7A-4F4D-B94A-631B8BF11713} = {DFBC2DFE-5A4A-497B-8219-6A0FF61B31F0}
		{501C657C-00AB-45AD-BEBD-5EEE8335E246} = {DFBC2DFE-5A4A-497B-8219-6A0FF61B31F0}
		{6744C2C8-E62B-4762-B5DA-87E597DFEEBB} = {9AB003E4-88D9-40EC-81A7-3803E303BC6F}
		{DAD91EFE-16B2-4E90-B634-5C33402342D8} = {BB8D471C-5A7A-4F4D-B94A-631B8BF11713}
		{44D5D7BA-A4C2-4E1D-AC3B-8E81FA94344E} = {501C657C-00AB-45AD-BEBD-5EEE8335E246}
	EndGlobalSection
	GlobalSection(ExtensibilityGlobals) = postSolution
		SolutionGuid = {ADD92B4A-F28A-4AB0-8B1D-8DE46EBC503D}
	EndGlobalSection
EndGlobal
